
Microsoft Visual Studio Solution File, Format Version 12.00
Project("{FAE04EC0-301F-11D3-BF4B-00C04F79EFBC}") = "BlazorApp1", "BlazorApp1.csproj", "{A5A74D41-241F-4FC2-A330-B69CD92D263B}"
EndProject
Project("{FAE04EC0-301F-11D3-BF4B-00C04F79EFBC}") = "CalculatorEngine", "CalculatorEngine\CalculatorEngine.csproj", "{17D4DF73-918F-4EC8-B45E-2077D42FF32C}"
EndProject
Project("{FAE04EC0-301F-11D3-BF4B-00C04F79EFBC}") = "CalculatorEngine Unit Tests", "CalculatorEngine Unit Tests\CalculatorEngine Unit Tests.csproj", "{A36D56C9-5639-41D3-A592-DF844D868702}"
EndProject
Global
	GlobalSection(SolutionConfigurationPlatforms) = preSolution
		Debug|Any CPU = Debug|Any CPU
		Release|Any CPU = Release|Any CPU
	EndGlobalSection
	GlobalSection(ProjectConfigurationPlatforms) = postSolution
		{A5A74D41-241F-4FC2-A330-B69CD92D263B}.Debug|Any CPU.ActiveCfg = Debug|Any CPU
		{A5A74D41-241F-4FC2-A330-B69CD92D263B}.Debug|Any CPU.Build.0 = Debug|Any CPU
		{A5A74D41-241F-4FC2-A330-B69CD92D263B}.Release|Any CPU.ActiveCfg = Release|Any CPU
		{A5A74D41-241F-4FC2-A330-B69CD92D263B}.Release|Any CPU.Build.0 = Release|Any CPU
		{17D4DF73-918F-4EC8-B45E-2077D42FF32C}.Debug|Any CPU.ActiveCfg = Debug|Any CPU
		{17D4DF73-918F-4EC8-B45E-2077D42FF32C}.Debug|Any CPU.Build.0 = Debug|Any CPU
		{17D4DF73-918F-4EC8-B45E-2077D42FF32C}.Release|Any CPU.ActiveCfg = Release|Any CPU
		{17D4DF73-918F-4EC8-B45E-2077D42FF32C}.Release|Any CPU.Build.0 = Release|Any CPU
		{A36D56C9-5639-41D3-A592-DF844D868702}.Debug|Any CPU.ActiveCfg = Debug|Any CPU
		{A36D56C9-5639-41D3-A592-DF844D868702}.Debug|Any CPU.Build.0 = Debug|Any CPU
		{A36D56C9-5639-41D3-A592-DF844D868702}.Release|Any CPU.ActiveCfg = Release|Any CPU
		{A36D56C9-5639-41D3-A592-DF844D868702}.Release|Any CPU.Build.0 = Release|Any CPU
	EndGlobalSection
EndGlobal
